
Microsoft Visual Studio Solution File, Format Version 12.00
# Visual Studio Version 16
VisualStudioVersion = 16.6.30114.105
MinimumVisualStudioVersion = 10.0.40219.1
Project("{FAE04EC0-301F-11D3-BF4B-00C04F79EFBC}") = "Grapevine.Edge", "Grapevine.Edge\Grapevine.Edge.csproj", "{ED3C7B4B-3490-4452-9201-489992074325}"
EndProject
Project("{FAE04EC0-301F-11D3-BF4B-00C04F79EFBC}") = "Grapevine.Web", "Grapevine.Web\Grapevine.Web.csproj", "{CC715932-96AF-4A87-B474-1F3DA0E3AC80}"
EndProject
Project("{FAE04EC0-301F-11D3-BF4B-00C04F79EFBC}") = "Grapevine.Core", "Grapevine.Core\Grapevine.Core.csproj", "{364561DD-3A15-4B49-A695-88E773742F1E}"
EndProject
Project("{FAE04EC0-301F-11D3-BF4B-00C04F79EFBC}") = "Grapevine.Cli", "Grapevine.Cli\Grapevine.Cli.csproj", "{DE6FDFD1-CB7C-435F-8D4F-7F73AE2CCE5F}"
EndProject
Global
	GlobalSection(SolutionConfigurationPlatforms) = preSolution
		Debug|Any CPU = Debug|Any CPU
		Debug|x64 = Debug|x64
		Debug|x86 = Debug|x86
		Release|Any CPU = Release|Any CPU
		Release|x64 = Release|x64
		Release|x86 = Release|x86
	EndGlobalSection
	GlobalSection(SolutionProperties) = preSolution
		HideSolutionNode = FALSE
	EndGlobalSection
	GlobalSection(ProjectConfigurationPlatforms) = postSolution
		{ED3C7B4B-3490-4452-9201-489992074325}.Debug|Any CPU.ActiveCfg = Debug|Any CPU
		{ED3C7B4B-3490-4452-9201-489992074325}.Debug|Any CPU.Build.0 = Debug|Any CPU
		{ED3C7B4B-3490-4452-9201-489992074325}.Debug|x64.ActiveCfg = Debug|Any CPU
		{ED3C7B4B-3490-4452-9201-489992074325}.Debug|x64.Build.0 = Debug|Any CPU
		{ED3C7B4B-3490-4452-9201-489992074325}.Debug|x86.ActiveCfg = Debug|Any CPU
		{ED3C7B4B-3490-4452-9201-489992074325}.Debug|x86.Build.0 = Debug|Any CPU
		{ED3C7B4B-3490-4452-9201-489992074325}.Release|Any CPU.ActiveCfg = Release|Any CPU
		{ED3C7B4B-3490-4452-9201-489992074325}.Release|Any CPU.Build.0 = Release|Any CPU
		{ED3C7B4B-3490-4452-9201-489992074325}.Release|x64.ActiveCfg = Release|Any CPU
		{ED3C7B4B-3490-4452-9201-489992074325}.Release|x64.Build.0 = Release|Any CPU
		{ED3C7B4B-3490-4452-9201-489992074325}.Release|x86.ActiveCfg = Release|Any CPU
		{ED3C7B4B-3490-4452-9201-489992074325}.Release|x86.Build.0 = Release|Any CPU
		{CC715932-96AF-4A87-B474-1F3DA0E3AC80}.Debug|Any CPU.ActiveCfg = Debug|Any CPU
		{CC715932-96AF-4A87-B474-1F3DA0E3AC80}.Debug|Any CPU.Build.0 = Debug|Any CPU
		{CC715932-96AF-4A87-B474-1F3DA0E3AC80}.Debug|x64.ActiveCfg = Debug|Any CPU
		{CC715932-96AF-4A87-B474-1F3DA0E3AC80}.Debug|x64.Build.0 = Debug|Any CPU
		{CC715932-96AF-4A87-B474-1F3DA0E3AC80}.Debug|x86.ActiveCfg = Debug|Any CPU
		{CC715932-96AF-4A87-B474-1F3DA0E3AC80}.Debug|x86.Build.0 = Debug|Any CPU
		{CC715932-96AF-4A87-B474-1F3DA0E3AC80}.Release|Any CPU.ActiveCfg = Release|Any CPU
		{CC715932-96AF-4A87-B474-1F3DA0E3AC80}.Release|Any CPU.Build.0 = Release|Any CPU
		{CC715932-96AF-4A87-B474-1F3DA0E3AC80}.Release|x64.ActiveCfg = Release|Any CPU
		{CC715932-96AF-4A87-B474-1F3DA0E3AC80}.Release|x64.Build.0 = Release|Any CPU
		{CC715932-96AF-4A87-B474-1F3DA0E3AC80}.Release|x86.ActiveCfg = Release|Any CPU
		{CC715932-96AF-4A87-B474-1F3DA0E3AC80}.Release|x86.Build.0 = Release|Any CPU
		{364561DD-3A15-4B49-A695-88E773742F1E}.Debug|Any CPU.ActiveCfg = Debug|Any CPU
		{364561DD-3A15-4B49-A695-88E773742F1E}.Debug|Any CPU.Build.0 = Debug|Any CPU
		{364561DD-3A15-4B49-A695-88E773742F1E}.Debug|x64.ActiveCfg = Debug|Any CPU
		{364561DD-3A15-4B49-A695-88E773742F1E}.Debug|x64.Build.0 = Debug|Any CPU
		{364561DD-3A15-4B49-A695-88E773742F1E}.Debug|x86.ActiveCfg = Debug|Any CPU
		{364561DD-3A15-4B49-A695-88E773742F1E}.Debug|x86.Build.0 = Debug|Any CPU
		{364561DD-3A15-4B49-A695-88E773742F1E}.Release|Any CPU.ActiveCfg = Release|Any CPU
		{364561DD-3A15-4B49-A695-88E773742F1E}.Release|Any CPU.Build.0 = Release|Any CPU
		{364561DD-3A15-4B49-A695-88E773742F1E}.Release|x64.ActiveCfg = Release|Any CPU
		{364561DD-3A15-4B49-A695-88E773742F1E}.Release|x64.Build.0 = Release|Any CPU
		{364561DD-3A15-4B49-A695-88E773742F1E}.Release|x86.ActiveCfg = Release|Any CPU
		{364561DD-3A15-4B49-A695-88E773742F1E}.Release|x86.Build.0 = Release|Any CPU
		{DE6FDFD1-CB7C-435F-8D4F-7F73AE2CCE5F}.Debug|Any CPU.ActiveCfg = Debug|Any CPU
		{DE6FDFD1-CB7C-435F-8D4F-7F73AE2CCE5F}.Debug|Any CPU.Build.0 = Debug|Any CPU
		{DE6FDFD1-CB7C-435F-8D4F-7F73AE2CCE5F}.Debug|x64.ActiveCfg = Debug|Any CPU
		{DE6FDFD1-CB7C-435F-8D4F-7F73AE2CCE5F}.Debug|x64.Build.0 = Debug|Any CPU
		{DE6FDFD1-CB7C-435F-8D4F-7F73AE2CCE5F}.Debug|x86.ActiveCfg = Debug|Any CPU
		{DE6FDFD1-CB7C-435F-8D4F-7F73AE2CCE5F}.Debug|x86.Build.0 = Debug|Any CPU
		{DE6FDFD1-CB7C-435F-8D4F-7F73AE2CCE5F}.Release|Any CPU.ActiveCfg = Release|Any CPU
		{DE6FDFD1-CB7C-435F-8D4F-7F73AE2CCE5F}.Release|Any CPU.Build.0 = Release|Any CPU
		{DE6FDFD1-CB7C-435F-8D4F-7F73AE2CCE5F}.Release|x64.ActiveCfg = Release|Any CPU
		{DE6FDFD1-CB7C-435F-8D4F-7F73AE2CCE5F}.Release|x64.Build.0 = Release|Any CPU
		{DE6FDFD1-CB7C-435F-8D4F-7F73AE2CCE5F}.Release|x86.ActiveCfg = Release|Any CPU
		{DE6FDFD1-CB7C-435F-8D4F-7F73AE2CCE5F}.Release|x86.Build.0 = Release|Any CPU
	EndGlobalSection
EndGlobal
